
Microsoft Visual Studio Solution File, Format Version 12.00
# Visual Studio Version 17
VisualStudioVersion = 17.1.32328.378
MinimumVisualStudioVersion = 10.0.40219.1
Project("{FAE04EC0-301F-11D3-BF4B-00C04F79EFBC}") = "NZWalks.API", "NZWalks.API\NZWalks.API.csproj", "{C3145DCB-7AEE-4487-964F-706F6952A60B}"
EndProject
Global
	GlobalSection(SolutionConfigurationPlatforms) = preSolution
		Debug|Any CPU = Debug|Any CPU
		Release|Any CPU = Release|Any CPU
	EndGlobalSection
	GlobalSection(ProjectConfigurationPlatforms) = postSolution
		{C3145DCB-7AEE-4487-964F-706F6952A60B}.Debug|Any CPU.ActiveCfg = Debug|Any CPU
		{C3145DCB-7AEE-4487-964F-706F6952A60B}.Debug|Any CPU.Build.0 = Debug|Any CPU
		{C3145DCB-7AEE-4487-964F-706F6952A60B}.Release|Any CPU.ActiveCfg = Release|Any CPU
		{C3145DCB-7AEE-4487-964F-706F6952A60B}.Release|Any CPU.Build.0 = Release|Any CPU
	EndGlobalSection
	GlobalSection(SolutionProperties) = preSolution
		HideSolutionNode = FALSE
	EndGlobalSection
	GlobalSection(ExtensibilityGlobals) = postSolution
		SolutionGuid = {461EE77B-07BB-4A49-91A8-50E1E7ABA85E}
	EndGlobalSection
EndGlobal
